// !$*UTF8*$!
{
	archiveVersion = 1;
	classes = {
	};
	objectVersion = 46;
	objects = {

/* Begin PBXBuildFile section */
		27A1D6481CB6D74F00F9A387 /* CoreData.framework in Frameworks */ = {isa = PBXBuildFile; fileRef = 27A1D6471CB6D74F00F9A387 /* CoreData.framework */; };
		27A1D64A1CB6D7E000F9A387 /* UIKit.framework in Frameworks */ = {isa = PBXBuildFile; fileRef = 27A1D6491CB6D7E000F9A387 /* UIKit.framework */; };
		27CDA2041C9B78E3009A502B /* main.m in Sources */ = {isa = PBXBuildFile; fileRef = 27CDA2031C9B78E3009A502B /* main.m */; };
		27CDA2881C9B79DA009A502B /* AppDelegate.m in Sources */ = {isa = PBXBuildFile; fileRef = 27CDA2871C9B79DA009A502B /* AppDelegate.m */; };
		27D94EEE1C90D52000C641E0 /* scheduleViewController.m in Sources */ = {isa = PBXBuildFile; fileRef = 27D94EED1C90D52000C641E0 /* scheduleViewController.m */; };
		419EE5F91C007C68007968B2 /* weatherViewController.m in Sources */ = {isa = PBXBuildFile; fileRef = 419EE5F81C007C68007968B2 /* weatherViewController.m */; };
		419EE5FC1C007C68007968B2 /* Main.storyboard in Resources */ = {isa = PBXBuildFile; fileRef = 419EE5FA1C007C68007968B2 /* Main.storyboard */; };
		419EE5FE1C007C68007968B2 /* Assets.xcassets in Resources */ = {isa = PBXBuildFile; fileRef = 419EE5FD1C007C68007968B2 /* Assets.xcassets */; };
		419EE6011C007C68007968B2 /* LaunchScreen.storyboard in Resources */ = {isa = PBXBuildFile; fileRef = 419EE5FF1C007C68007968B2 /* LaunchScreen.storyboard */; };
		419EE60C1C007C68007968B2 /* IOSWifiSenderTests.m in Sources */ = {isa = PBXBuildFile; fileRef = 419EE60B1C007C68007968B2 /* IOSWifiSenderTests.m */; };
		419EE6171C007C68007968B2 /* IOSWifiSenderUITests.m in Sources */ = {isa = PBXBuildFile; fileRef = 419EE6161C007C68007968B2 /* IOSWifiSenderUITests.m */; };
		4891491C848D6A0CE71BF979 /* libPods-IOSWifiSender.a in Frameworks */ = {isa = PBXBuildFile; fileRef = 441B44A3C0D0EAB612EB8672 /* libPods-IOSWifiSender.a */; };
/* End PBXBuildFile section */

/* Begin PBXContainerItemProxy section */
		419EE6081C007C68007968B2 /* PBXContainerItemProxy */ = {
			isa = PBXContainerItemProxy;
			containerPortal = 419EE5E61C007C68007968B2 /* Project object */;
			proxyType = 1;
			remoteGlobalIDString = 419EE5ED1C007C68007968B2;
			remoteInfo = IOSWifiSender;
		};
		419EE6131C007C68007968B2 /* PBXContainerItemProxy */ = {
			isa = PBXContainerItemProxy;
			containerPortal = 419EE5E61C007C68007968B2 /* Project object */;
			proxyType = 1;
			remoteGlobalIDString = 419EE5ED1C007C68007968B2;
			remoteInfo = IOSWifiSender;
		};
/* End PBXContainerItemProxy section */

/* Begin PBXFileReference section */
		12A45CCA29BB16F7D116CC1A /* Pods-IOSWifiSender.release.xcconfig */ = {isa = PBXFileReference; includeInIndex = 1; lastKnownFileType = text.xcconfig; name = "Pods-IOSWifiSender.release.xcconfig"; path = "Pods/Target Support Files/Pods-IOSWifiSender/Pods-IOSWifiSender.release.xcconfig"; sourceTree = "<group>"; };
		27269E2B1CB5BD45003A03CB /* IOSWifiSender-Bridging-Header.h */ = {isa = PBXFileReference; lastKnownFileType = sourcecode.c.h; path = "IOSWifiSender-Bridging-Header.h"; sourceTree = "<group>"; };
		27A1D6471CB6D74F00F9A387 /* CoreData.framework */ = {isa = PBXFileReference; lastKnownFileType = wrapper.framework; name = CoreData.framework; path = System/Library/Frameworks/CoreData.framework; sourceTree = SDKROOT; };
		27A1D6491CB6D7E000F9A387 /* UIKit.framework */ = {isa = PBXFileReference; lastKnownFileType = wrapper.framework; name = UIKit.framework; path = System/Library/Frameworks/UIKit.framework; sourceTree = SDKROOT; };
		27CDA2031C9B78E3009A502B /* main.m */ = {isa = PBXFileReference; fileEncoding = 4; lastKnownFileType = sourcecode.c.objc; path = main.m; sourceTree = "<group>"; };
		27CDA2861C9B79DA009A502B /* AppDelegate.h */ = {isa = PBXFileReference; fileEncoding = 4; lastKnownFileType = sourcecode.c.h; path = AppDelegate.h; sourceTree = "<group>"; };
		27CDA2871C9B79DA009A502B /* AppDelegate.m */ = {isa = PBXFileReference; fileEncoding = 4; lastKnownFileType = sourcecode.c.objc; path = AppDelegate.m; sourceTree = "<group>"; };
		27D94EEC1C90D52000C641E0 /* scheduleViewController.h */ = {isa = PBXFileReference; fileEncoding = 4; lastKnownFileType = sourcecode.c.h; path = scheduleViewController.h; sourceTree = "<group>"; };
		27D94EED1C90D52000C641E0 /* scheduleViewController.m */ = {isa = PBXFileReference; fileEncoding = 4; lastKnownFileType = sourcecode.c.objc; path = scheduleViewController.m; sourceTree = "<group>"; };
		419EE5EE1C007C68007968B2 /* IOSWifiSender.app */ = {isa = PBXFileReference; explicitFileType = wrapper.application; includeInIndex = 0; path = IOSWifiSender.app; sourceTree = BUILT_PRODUCTS_DIR; };
		419EE5F71C007C68007968B2 /* weatherViewController.h */ = {isa = PBXFileReference; lastKnownFileType = sourcecode.c.h; path = weatherViewController.h; sourceTree = "<group>"; };
		419EE5F81C007C68007968B2 /* weatherViewController.m */ = {isa = PBXFileReference; lastKnownFileType = sourcecode.c.objc; path = weatherViewController.m; sourceTree = "<group>"; };
		419EE5FB1C007C68007968B2 /* Base */ = {isa = PBXFileReference; lastKnownFileType = file.storyboard; name = Base; path = Base.lproj/Main.storyboard; sourceTree = "<group>"; };
		419EE5FD1C007C68007968B2 /* Assets.xcassets */ = {isa = PBXFileReference; lastKnownFileType = folder.assetcatalog; path = Assets.xcassets; sourceTree = "<group>"; };
		419EE6001C007C68007968B2 /* Base */ = {isa = PBXFileReference; lastKnownFileType = file.storyboard; name = Base; path = Base.lproj/LaunchScreen.storyboard; sourceTree = "<group>"; };
		419EE6021C007C68007968B2 /* Info.plist */ = {isa = PBXFileReference; lastKnownFileType = text.plist.xml; path = Info.plist; sourceTree = "<group>"; };
		419EE6071C007C68007968B2 /* IOSWifiSenderTests.xctest */ = {isa = PBXFileReference; explicitFileType = wrapper.cfbundle; includeInIndex = 0; path = IOSWifiSenderTests.xctest; sourceTree = BUILT_PRODUCTS_DIR; };
		419EE60B1C007C68007968B2 /* IOSWifiSenderTests.m */ = {isa = PBXFileReference; lastKnownFileType = sourcecode.c.objc; path = IOSWifiSenderTests.m; sourceTree = "<group>"; };
		419EE60D1C007C68007968B2 /* Info.plist */ = {isa = PBXFileReference; lastKnownFileType = text.plist.xml; path = Info.plist; sourceTree = "<group>"; };
		419EE6121C007C68007968B2 /* IOSWifiSenderUITests.xctest */ = {isa = PBXFileReference; explicitFileType = wrapper.cfbundle; includeInIndex = 0; path = IOSWifiSenderUITests.xctest; sourceTree = BUILT_PRODUCTS_DIR; };
		419EE6161C007C68007968B2 /* IOSWifiSenderUITests.m */ = {isa = PBXFileReference; lastKnownFileType = sourcecode.c.objc; path = IOSWifiSenderUITests.m; sourceTree = "<group>"; };
		419EE6181C007C68007968B2 /* Info.plist */ = {isa = PBXFileReference; lastKnownFileType = text.plist.xml; path = Info.plist; sourceTree = "<group>"; };
		441B44A3C0D0EAB612EB8672 /* libPods-IOSWifiSender.a */ = {isa = PBXFileReference; explicitFileType = archive.ar; includeInIndex = 0; path = "libPods-IOSWifiSender.a"; sourceTree = BUILT_PRODUCTS_DIR; };
		E10D0BE7EC39A8A2285E7E6B /* Pods-IOSWifiSender.debug.xcconfig */ = {isa = PBXFileReference; includeInIndex = 1; lastKnownFileType = text.xcconfig; name = "Pods-IOSWifiSender.debug.xcconfig"; path = "Pods/Target Support Files/Pods-IOSWifiSender/Pods-IOSWifiSender.debug.xcconfig"; sourceTree = "<group>"; };
/* End PBXFileReference section */

/* Begin PBXFrameworksBuildPhase section */
		419EE5EB1C007C68007968B2 /* Frameworks */ = {
			isa = PBXFrameworksBuildPhase;
			buildActionMask = 2147483647;
			files = (
				27A1D64A1CB6D7E000F9A387 /* UIKit.framework in Frameworks */,
				27A1D6481CB6D74F00F9A387 /* CoreData.framework in Frameworks */,
				4891491C848D6A0CE71BF979 /* libPods-IOSWifiSender.a in Frameworks */,
			);
			runOnlyForDeploymentPostprocessing = 0;
		};
		419EE6041C007C68007968B2 /* Frameworks */ = {
			isa = PBXFrameworksBuildPhase;
			buildActionMask = 2147483647;
			files = (
			);
			runOnlyForDeploymentPostprocessing = 0;
		};
		419EE60F1C007C68007968B2 /* Frameworks */ = {
			isa = PBXFrameworksBuildPhase;
			buildActionMask = 2147483647;
			files = (
			);
			runOnlyForDeploymentPostprocessing = 0;
		};
/* End PBXFrameworksBuildPhase section */

/* Begin PBXGroup section */
		19E4DC34B7A76BA4920AF297 /* Pods */ = {
			isa = PBXGroup;
			children = (
				E10D0BE7EC39A8A2285E7E6B /* Pods-IOSWifiSender.debug.xcconfig */,
				12A45CCA29BB16F7D116CC1A /* Pods-IOSWifiSender.release.xcconfig */,
			);
			name = Pods;
			sourceTree = "<group>";
		};
		419EE5E51C007C68007968B2 = {
			isa = PBXGroup;
			children = (
				419EE5F01C007C68007968B2 /* IOSWifiSender */,
				419EE60A1C007C68007968B2 /* IOSWifiSenderTests */,
				419EE6151C007C68007968B2 /* IOSWifiSenderUITests */,
				419EE5EF1C007C68007968B2 /* Products */,
				19E4DC34B7A76BA4920AF297 /* Pods */,
				EF912925811AE73B3085E283 /* Frameworks */,
			);
			sourceTree = "<group>";
		};
		419EE5EF1C007C68007968B2 /* Products */ = {
			isa = PBXGroup;
			children = (
				419EE5EE1C007C68007968B2 /* IOSWifiSender.app */,
				419EE6071C007C68007968B2 /* IOSWifiSenderTests.xctest */,
				419EE6121C007C68007968B2 /* IOSWifiSenderUITests.xctest */,
			);
			name = Products;
			sourceTree = "<group>";
		};
		419EE5F01C007C68007968B2 /* IOSWifiSender */ = {
			isa = PBXGroup;
			children = (
				27CDA2861C9B79DA009A502B /* AppDelegate.h */,
				27CDA2871C9B79DA009A502B /* AppDelegate.m */,
				419EE5F71C007C68007968B2 /* weatherViewController.h */,
				419EE5F81C007C68007968B2 /* weatherViewController.m */,
				419EE5FA1C007C68007968B2 /* Main.storyboard */,
				27D94EEC1C90D52000C641E0 /* scheduleViewController.h */,
				27D94EED1C90D52000C641E0 /* scheduleViewController.m */,
				419EE5FD1C007C68007968B2 /* Assets.xcassets */,
				419EE5FF1C007C68007968B2 /* LaunchScreen.storyboard */,
				419EE6021C007C68007968B2 /* Info.plist */,
				419EE5F11C007C68007968B2 /* Supporting Files */,
				27269E2B1CB5BD45003A03CB /* IOSWifiSender-Bridging-Header.h */,
			);
			path = IOSWifiSender;
			sourceTree = "<group>";
		};
		419EE5F11C007C68007968B2 /* Supporting Files */ = {
			isa = PBXGroup;
			children = (
				27CDA2031C9B78E3009A502B /* main.m */,
			);
			name = "Supporting Files";
			sourceTree = "<group>";
		};
		419EE60A1C007C68007968B2 /* IOSWifiSenderTests */ = {
			isa = PBXGroup;
			children = (
				419EE60B1C007C68007968B2 /* IOSWifiSenderTests.m */,
				419EE60D1C007C68007968B2 /* Info.plist */,
			);
			path = IOSWifiSenderTests;
			sourceTree = "<group>";
		};
		419EE6151C007C68007968B2 /* IOSWifiSenderUITests */ = {
			isa = PBXGroup;
			children = (
				419EE6161C007C68007968B2 /* IOSWifiSenderUITests.m */,
				419EE6181C007C68007968B2 /* Info.plist */,
			);
			path = IOSWifiSenderUITests;
			sourceTree = "<group>";
		};
		EF912925811AE73B3085E283 /* Frameworks */ = {
			isa = PBXGroup;
			children = (
				27A1D6491CB6D7E000F9A387 /* UIKit.framework */,
				27A1D6471CB6D74F00F9A387 /* CoreData.framework */,
				441B44A3C0D0EAB612EB8672 /* libPods-IOSWifiSender.a */,
			);
			name = Frameworks;
			sourceTree = "<group>";
		};
/* End PBXGroup section */

/* Begin PBXNativeTarget section */
		419EE5ED1C007C68007968B2 /* IOSWifiSender */ = {
			isa = PBXNativeTarget;
			buildConfigurationList = 419EE61B1C007C68007968B2 /* Build configuration list for PBXNativeTarget "IOSWifiSender" */;
			buildPhases = (
				822A7FA51F9C029AD67AAC78 /* Check Pods Manifest.lock */,
				419EE5EA1C007C68007968B2 /* Sources */,
				419EE5EB1C007C68007968B2 /* Frameworks */,
				419EE5EC1C007C68007968B2 /* Resources */,
				2C0B2C9C6AE68CA8BB213AD9 /* Copy Pods Resources */,
			);
			buildRules = (
			);
			dependencies = (
			);
			name = IOSWifiSender;
			productName = IOSWifiSender;
			productReference = 419EE5EE1C007C68007968B2 /* IOSWifiSender.app */;
			productType = "com.apple.product-type.application";
		};
		419EE6061C007C68007968B2 /* IOSWifiSenderTests */ = {
			isa = PBXNativeTarget;
			buildConfigurationList = 419EE61E1C007C68007968B2 /* Build configuration list for PBXNativeTarget "IOSWifiSenderTests" */;
			buildPhases = (
				419EE6031C007C68007968B2 /* Sources */,
				419EE6041C007C68007968B2 /* Frameworks */,
				419EE6051C007C68007968B2 /* Resources */,
			);
			buildRules = (
			);
			dependencies = (
				419EE6091C007C68007968B2 /* PBXTargetDependency */,
			);
			name = IOSWifiSenderTests;
			productName = IOSWifiSenderTests;
			productReference = 419EE6071C007C68007968B2 /* IOSWifiSenderTests.xctest */;
			productType = "com.apple.product-type.bundle.unit-test";
		};
		419EE6111C007C68007968B2 /* IOSWifiSenderUITests */ = {
			isa = PBXNativeTarget;
			buildConfigurationList = 419EE6211C007C68007968B2 /* Build configuration list for PBXNativeTarget "IOSWifiSenderUITests" */;
			buildPhases = (
				419EE60E1C007C68007968B2 /* Sources */,
				419EE60F1C007C68007968B2 /* Frameworks */,
				419EE6101C007C68007968B2 /* Resources */,
			);
			buildRules = (
			);
			dependencies = (
				419EE6141C007C68007968B2 /* PBXTargetDependency */,
			);
			name = IOSWifiSenderUITests;
			productName = IOSWifiSenderUITests;
			productReference = 419EE6121C007C68007968B2 /* IOSWifiSenderUITests.xctest */;
			productType = "com.apple.product-type.bundle.ui-testing";
		};
/* End PBXNativeTarget section */

/* Begin PBXProject section */
		419EE5E61C007C68007968B2 /* Project object */ = {
			isa = PBXProject;
			attributes = {
				LastSwiftUpdateCheck = 0730;
				LastUpgradeCheck = 0710;
				ORGANIZATIONNAME = tanno;
				TargetAttributes = {
					419EE5ED1C007C68007968B2 = {
						CreatedOnToolsVersion = 7.1.1;
						DevelopmentTeam = KEKFU6H295;
					};
					419EE6061C007C68007968B2 = {
						CreatedOnToolsVersion = 7.1.1;
						DevelopmentTeam = 3UC94Y3ZB7;
						TestTargetID = 419EE5ED1C007C68007968B2;
					};
					419EE6111C007C68007968B2 = {
						CreatedOnToolsVersion = 7.1.1;
						DevelopmentTeam = 3UC94Y3ZB7;
						TestTargetID = 419EE5ED1C007C68007968B2;
					};
				};
			};
			buildConfigurationList = 419EE5E91C007C68007968B2 /* Build configuration list for PBXProject "IOSWifiSender" */;
			compatibilityVersion = "Xcode 3.2";
			developmentRegion = English;
			hasScannedForEncodings = 0;
			knownRegions = (
				en,
				Base,
			);
			mainGroup = 419EE5E51C007C68007968B2;
			productRefGroup = 419EE5EF1C007C68007968B2 /* Products */;
			projectDirPath = "";
			projectRoot = "";
			targets = (
				419EE5ED1C007C68007968B2 /* IOSWifiSender */,
				419EE6061C007C68007968B2 /* IOSWifiSenderTests */,
				419EE6111C007C68007968B2 /* IOSWifiSenderUITests */,
			);
		};
/* End PBXProject section */

/* Begin PBXResourcesBuildPhase section */
		419EE5EC1C007C68007968B2 /* Resources */ = {
			isa = PBXResourcesBuildPhase;
			buildActionMask = 2147483647;
			files = (
				419EE6011C007C68007968B2 /* LaunchScreen.storyboard in Resources */,
				419EE5FE1C007C68007968B2 /* Assets.xcassets in Resources */,
				419EE5FC1C007C68007968B2 /* Main.storyboard in Resources */,
			);
			runOnlyForDeploymentPostprocessing = 0;
		};
		419EE6051C007C68007968B2 /* Resources */ = {
			isa = PBXResourcesBuildPhase;
			buildActionMask = 2147483647;
			files = (
			);
			runOnlyForDeploymentPostprocessing = 0;
		};
		419EE6101C007C68007968B2 /* Resources */ = {
			isa = PBXResourcesBuildPhase;
			buildActionMask = 2147483647;
			files = (
			);
			runOnlyForDeploymentPostprocessing = 0;
		};
/* End PBXResourcesBuildPhase section */

/* Begin PBXShellScriptBuildPhase section */
		2C0B2C9C6AE68CA8BB213AD9 /* Copy Pods Resources */ = {
			isa = PBXShellScriptBuildPhase;
			buildActionMask = 2147483647;
			files = (
			);
			inputPaths = (
			);
			name = "Copy Pods Resources";
			outputPaths = (
			);
			runOnlyForDeploymentPostprocessing = 0;
			shellPath = /bin/sh;
			shellScript = "\"${SRCROOT}/Pods/Target Support Files/Pods-IOSWifiSender/Pods-IOSWifiSender-resources.sh\"\n";
			showEnvVarsInLog = 0;
		};
		822A7FA51F9C029AD67AAC78 /* Check Pods Manifest.lock */ = {
			isa = PBXShellScriptBuildPhase;
			buildActionMask = 2147483647;
			files = (
			);
			inputPaths = (
			);
			name = "Check Pods Manifest.lock";
			outputPaths = (
			);
			runOnlyForDeploymentPostprocessing = 0;
			shellPath = /bin/sh;
			shellScript = "diff \"${PODS_ROOT}/../Podfile.lock\" \"${PODS_ROOT}/Manifest.lock\" > /dev/null\nif [[ $? != 0 ]] ; then\n    cat << EOM\nerror: The sandbox is not in sync with the Podfile.lock. Run 'pod install' or update your CocoaPods installation.\nEOM\n    exit 1\nfi\n";
			showEnvVarsInLog = 0;
		};
/* End PBXShellScriptBuildPhase section */

/* Begin PBXSourcesBuildPhase section */
		419EE5EA1C007C68007968B2 /* Sources */ = {
			isa = PBXSourcesBuildPhase;
			buildActionMask = 2147483647;
			files = (
				27CDA2881C9B79DA009A502B /* AppDelegate.m in Sources */,
				27CDA2041C9B78E3009A502B /* main.m in Sources */,
				419EE5F91C007C68007968B2 /* weatherViewController.m in Sources */,
				27D94EEE1C90D52000C641E0 /* scheduleViewController.m in Sources */,
			);
			runOnlyForDeploymentPostprocessing = 0;
		};
		419EE6031C007C68007968B2 /* Sources */ = {
			isa = PBXSourcesBuildPhase;
			buildActionMask = 2147483647;
			files = (
				419EE60C1C007C68007968B2 /* IOSWifiSenderTests.m in Sources */,
			);
			runOnlyForDeploymentPostprocessing = 0;
		};
		419EE60E1C007C68007968B2 /* Sources */ = {
			isa = PBXSourcesBuildPhase;
			buildActionMask = 2147483647;
			files = (
				419EE6171C007C68007968B2 /* IOSWifiSenderUITests.m in Sources */,
			);
			runOnlyForDeploymentPostprocessing = 0;
		};
/* End PBXSourcesBuildPhase section */

/* Begin PBXTargetDependency section */
		419EE6091C007C68007968B2 /* PBXTargetDependency */ = {
			isa = PBXTargetDependency;
			target = 419EE5ED1C007C68007968B2 /* IOSWifiSender */;
			targetProxy = 419EE6081C007C68007968B2 /* PBXContainerItemProxy */;
		};
		419EE6141C007C68007968B2 /* PBXTargetDependency */ = {
			isa = PBXTargetDependency;
			target = 419EE5ED1C007C68007968B2 /* IOSWifiSender */;
			targetProxy = 419EE6131C007C68007968B2 /* PBXContainerItemProxy */;
		};
/* End PBXTargetDependency section */

/* Begin PBXVariantGroup section */
		419EE5FA1C007C68007968B2 /* Main.storyboard */ = {
			isa = PBXVariantGroup;
			children = (
				419EE5FB1C007C68007968B2 /* Base */,
			);
			name = Main.storyboard;
			sourceTree = "<group>";
		};
		419EE5FF1C007C68007968B2 /* LaunchScreen.storyboard */ = {
			isa = PBXVariantGroup;
			children = (
				419EE6001C007C68007968B2 /* Base */,
			);
			name = LaunchScreen.storyboard;
			sourceTree = "<group>";
		};
/* End PBXVariantGroup section */

/* Begin XCBuildConfiguration section */
		419EE6191C007C68007968B2 /* Debug */ = {
			isa = XCBuildConfiguration;
			buildSettings = {
				ALWAYS_SEARCH_USER_PATHS = NO;
				CLANG_CXX_LANGUAGE_STANDARD = "gnu++0x";
				CLANG_CXX_LIBRARY = "libc++";
				CLANG_ENABLE_MODULES = YES;
				CLANG_ENABLE_OBJC_ARC = YES;
				CLANG_WARN_BOOL_CONVERSION = YES;
				CLANG_WARN_CONSTANT_CONVERSION = YES;
				CLANG_WARN_DIRECT_OBJC_ISA_USAGE = YES_ERROR;
				CLANG_WARN_EMPTY_BODY = YES;
				CLANG_WARN_ENUM_CONVERSION = YES;
				CLANG_WARN_INT_CONVERSION = YES;
				CLANG_WARN_OBJC_ROOT_CLASS = YES_ERROR;
				CLANG_WARN_UNREACHABLE_CODE = YES;
				CLANG_WARN__DUPLICATE_METHOD_MATCH = YES;
				"CODE_SIGN_IDENTITY[sdk=iphoneos*]" = "iPhone Developer";
				COPY_PHASE_STRIP = NO;
				DEBUG_INFORMATION_FORMAT = dwarf;
				ENABLE_STRICT_OBJC_MSGSEND = YES;
				ENABLE_TESTABILITY = YES;
				GCC_C_LANGUAGE_STANDARD = gnu99;
				GCC_DYNAMIC_NO_PIC = NO;
				GCC_NO_COMMON_BLOCKS = YES;
				GCC_OPTIMIZATION_LEVEL = 0;
				GCC_PREPROCESSOR_DEFINITIONS = (
					"DEBUG=1",
					"$(inherited)",
				);
				GCC_WARN_64_TO_32_BIT_CONVERSION = YES;
				GCC_WARN_ABOUT_RETURN_TYPE = YES_ERROR;
				GCC_WARN_UNDECLARED_SELECTOR = YES;
				GCC_WARN_UNINITIALIZED_AUTOS = YES_AGGRESSIVE;
				GCC_WARN_UNUSED_FUNCTION = YES;
				GCC_WARN_UNUSED_VARIABLE = YES;
				IPHONEOS_DEPLOYMENT_TARGET = 9.1;
				MTL_ENABLE_DEBUG_INFO = YES;
				ONLY_ACTIVE_ARCH = YES;
				SDKROOT = iphoneos;
				TARGETED_DEVICE_FAMILY = "1,2";
			};
			name = Debug;
		};
		419EE61A1C007C68007968B2 /* Release */ = {
			isa = XCBuildConfiguration;
			buildSettings = {
				ALWAYS_SEARCH_USER_PATHS = NO;
				CLANG_CXX_LANGUAGE_STANDARD = "gnu++0x";
				CLANG_CXX_LIBRARY = "libc++";
				CLANG_ENABLE_MODULES = YES;
				CLANG_ENABLE_OBJC_ARC = YES;
				CLANG_WARN_BOOL_CONVERSION = YES;
				CLANG_WARN_CONSTANT_CONVERSION = YES;
				CLANG_WARN_DIRECT_OBJC_ISA_USAGE = YES_ERROR;
				CLANG_WARN_EMPTY_BODY = YES;
				CLANG_WARN_ENUM_CONVERSION = YES;
				CLANG_WARN_INT_CONVERSION = YES;
				CLANG_WARN_OBJC_ROOT_CLASS = YES_ERROR;
				CLANG_WARN_UNREACHABLE_CODE = YES;
				CLANG_WARN__DUPLICATE_METHOD_MATCH = YES;
				"CODE_SIGN_IDENTITY[sdk=iphoneos*]" = "iPhone Developer";
				COPY_PHASE_STRIP = NO;
				DEBUG_INFORMATION_FORMAT = "dwarf-with-dsym";
				ENABLE_NS_ASSERTIONS = NO;
				ENABLE_STRICT_OBJC_MSGSEND = YES;
				GCC_C_LANGUAGE_STANDARD = gnu99;
				GCC_NO_COMMON_BLOCKS = YES;
				GCC_WARN_64_TO_32_BIT_CONVERSION = YES;
				GCC_WARN_ABOUT_RETURN_TYPE = YES_ERROR;
				GCC_WARN_UNDECLARED_SELECTOR = YES;
				GCC_WARN_UNINITIALIZED_AUTOS = YES_AGGRESSIVE;
				GCC_WARN_UNUSED_FUNCTION = YES;
				GCC_WARN_UNUSED_VARIABLE = YES;
				IPHONEOS_DEPLOYMENT_TARGET = 9.1;
				MTL_ENABLE_DEBUG_INFO = NO;
				SDKROOT = iphoneos;
				TARGETED_DEVICE_FAMILY = "1,2";
				VALIDATE_PRODUCT = YES;
			};
			name = Release;
		};
		419EE61C1C007C68007968B2 /* Debug */ = {
			isa = XCBuildConfiguration;
			baseConfigurationReference = E10D0BE7EC39A8A2285E7E6B /* Pods-IOSWifiSender.debug.xcconfig */;
			buildSettings = {
				ASSETCATALOG_COMPILER_APPICON_NAME = AppIcon;
				CLANG_ENABLE_MODULES = YES;
				CODE_SIGN_IDENTITY = "iPhone Developer";
				"CODE_SIGN_IDENTITY[sdk=iphoneos*]" = "iPhone Developer";
				INFOPLIST_FILE = IOSWifiSender/Info.plist;
				LD_RUNPATH_SEARCH_PATHS = "$(inherited) @executable_path/Frameworks";
				ONLY_ACTIVE_ARCH = YES;
				PRODUCT_BUNDLE_IDENTIFIER = aizu.IOSWifiSender;
				PRODUCT_NAME = "$(TARGET_NAME)";
				PROVISIONING_PROFILE = "";
				SWIFT_OBJC_BRIDGING_HEADER = "IOSWifiSender/IOSWifiSender-Bridging-Header.h";
				SWIFT_OPTIMIZATION_LEVEL = "-Onone";
				VALID_ARCHS = "armv7 armv7s arm64";
			};
			name = Debug;
		};
		419EE61D1C007C68007968B2 /* Release */ = {
			isa = XCBuildConfiguration;
			baseConfigurationReference = 12A45CCA29BB16F7D116CC1A /* Pods-IOSWifiSender.release.xcconfig */;
			buildSettings = {
				ASSETCATALOG_COMPILER_APPICON_NAME = AppIcon;
				CLANG_ENABLE_MODULES = YES;
				CODE_SIGN_IDENTITY = "iPhone Developer";
				"CODE_SIGN_IDENTITY[sdk=iphoneos*]" = "iPhone Developer";
				INFOPLIST_FILE = IOSWifiSender/Info.plist;
				LD_RUNPATH_SEARCH_PATHS = "$(inherited) @executable_path/Frameworks";
				ONLY_ACTIVE_ARCH = YES;
				PRODUCT_BUNDLE_IDENTIFIER = aizu.IOSWifiSender;
				PRODUCT_NAME = "$(TARGET_NAME)";
				PROVISIONING_PROFILE = "";
				SWIFT_OBJC_BRIDGING_HEADER = "IOSWifiSender/IOSWifiSender-Bridging-Header.h";
				VALID_ARCHS = "armv7 armv7s arm64";
			};
			name = Release;
		};
		419EE61F1C007C68007968B2 /* Debug */ = {
			isa = XCBuildConfiguration;
			buildSettings = {
				BUNDLE_LOADER = "$(TEST_HOST)";
				INFOPLIST_FILE = IOSWifiSenderTests/Info.plist;
				LD_RUNPATH_SEARCH_PATHS = "$(inherited) @executable_path/Frameworks @loader_path/Frameworks";
				PRODUCT_BUNDLE_IDENTIFIER = aizu.IOSWifiSenderTests;
				PRODUCT_NAME = "$(TARGET_NAME)";
				TEST_HOST = "$(BUILT_PRODUCTS_DIR)/IOSWifiSender.app/IOSWifiSender";
			};
			name = Debug;
		};
		419EE6201C007C68007968B2 /* Release */ = {
			isa = XCBuildConfiguration;
			buildSettings = {
				BUNDLE_LOADER = "$(TEST_HOST)";
				INFOPLIST_FILE = IOSWifiSenderTests/Info.plist;
				LD_RUNPATH_SEARCH_PATHS = "$(inherited) @executable_path/Frameworks @loader_path/Frameworks";
				PRODUCT_BUNDLE_IDENTIFIER = aizu.IOSWifiSenderTests;
				PRODUCT_NAME = "$(TARGET_NAME)";
				TEST_HOST = "$(BUILT_PRODUCTS_DIR)/IOSWifiSender.app/IOSWifiSender";
			};
			name = Release;
		};
		419EE6221C007C68007968B2 /* Debug */ = {
			isa = XCBuildConfiguration;
			buildSettings = {
				INFOPLIST_FILE = IOSWifiSenderUITests/Info.plist;
				LD_RUNPATH_SEARCH_PATHS = "$(inherited) @executable_path/Frameworks @loader_path/Frameworks";
				PRODUCT_BUNDLE_IDENTIFIER = aizu.IOSWifiSenderUITests;
				PRODUCT_NAME = "$(TARGET_NAME)";
				TEST_TARGET_NAME = IOSWifiSender;
				USES_XCTRUNNER = YES;
			};
			name = Debug;
		};
		419EE6231C007C68007968B2 /* Release */ = {
			isa = XCBuildConfiguration;
			buildSettings = {
				INFOPLIST_FILE = IOSWifiSenderUITests/Info.plist;
				LD_RUNPATH_SEARCH_PATHS = "$(inherited) @executable_path/Frameworks @loader_path/Frameworks";
				PRODUCT_BUNDLE_IDENTIFIER = aizu.IOSWifiSenderUITests;
				PRODUCT_NAME = "$(TARGET_NAME)";
				TEST_TARGET_NAME = IOSWifiSender;
				USES_XCTRUNNER = YES;
			};
			name = Release;
		};
/* End XCBuildConfiguration section */

/* Begin XCConfigurationList section */
		419EE5E91C007C68007968B2 /* Build configuration list for PBXProject "IOSWifiSender" */ = {
			isa = XCConfigurationList;
			buildConfigurations = (
				419EE6191C007C68007968B2 /* Debug */,
				419EE61A1C007C68007968B2 /* Release */,
			);
			defaultConfigurationIsVisible = 0;
			defaultConfigurationName = Release;
		};
		419EE61B1C007C68007968B2 /* Build configuration list for PBXNativeTarget "IOSWifiSender" */ = {
			isa = XCConfigurationList;
			buildConfigurations = (
				419EE61C1C007C68007968B2 /* Debug */,
				419EE61D1C007C68007968B2 /* Release */,
			);
			defaultConfigurationIsVisible = 0;
			defaultConfigurationName = Release;
		};
		419EE61E1C007C68007968B2 /* Build configuration list for PBXNativeTarget "IOSWifiSenderTests" */ = {
			isa = XCConfigurationList;
			buildConfigurations = (
				419EE61F1C007C68007968B2 /* Debug */,
				419EE6201C007C68007968B2 /* Release */,
			);
			defaultConfigurationIsVisible = 0;
			defaultConfigurationName = Release;
		};
		419EE6211C007C68007968B2 /* Build configuration list for PBXNativeTarget "IOSWifiSenderUITests" */ = {
			isa = XCConfigurationList;
			buildConfigurations = (
				419EE6221C007C68007968B2 /* Debug */,
				419EE6231C007C68007968B2 /* Release */,
			);
			defaultConfigurationIsVisible = 0;
			defaultConfigurationName = Release;
		};
/* End XCConfigurationList section */
	};
	rootObject = 419EE5E61C007C68007968B2 /* Project object */;
}
